
Microsoft Visual Studio Solution File, Format Version 12.00
# Visual Studio Version 17
VisualStudioVersion = 17.13.35825.156 d17.13
MinimumVisualStudioVersion = 10.0.40219.1
Project("{FAE04EC0-301F-11D3-BF4B-00C04F79EFBC}") = "Experiencias-significativas", "Experiencias-significativas\Experiencias-significativas.csproj", "{DC66725A-7F62-4641-A2AB-3FC8001650FA}"
EndProject
Global
	GlobalSection(SolutionConfigurationPlatforms) = preSolution
		Debug|Any CPU = Debug|Any CPU
		Release|Any CPU = Release|Any CPU
	EndGlobalSection
	GlobalSection(ProjectConfigurationPlatforms) = postSolution
		{DC66725A-7F62-4641-A2AB-3FC8001650FA}.Debug|Any CPU.ActiveCfg = Debug|Any CPU
		{DC66725A-7F62-4641-A2AB-3FC8001650FA}.Debug|Any CPU.Build.0 = Debug|Any CPU
		{DC66725A-7F62-4641-A2AB-3FC8001650FA}.Release|Any CPU.ActiveCfg = Release|Any CPU
		{DC66725A-7F62-4641-A2AB-3FC8001650FA}.Release|Any CPU.Build.0 = Release|Any CPU
	EndGlobalSection
	GlobalSection(SolutionProperties) = preSolution
		HideSolutionNode = FALSE
	EndGlobalSection
	GlobalSection(ExtensibilityGlobals) = postSolution
		SolutionGuid = {A2D097D1-F02C-445D-9749-B272BDD13F2E}
	EndGlobalSection
EndGlobal
